lockVersion: 2.0.0
id: bcc2668c-4ddd-438d-a74c-748efa67ffd2
management:
  docChecksum: 7cdec107af500b0ad6e28cfa7890162b
  docVersion: 0.0.1
  speakeasyVersion: 1.680.11
  generationVersion: 2.788.15
  releaseVersion: 0.1.0
  configChecksum: 3db9d325559dc472cbc7570501915527
persistentEdits:
  generation_id: 751e9d03-5015-4995-bdca-3f1e6394a8fb
  pristine_commit_hash: 30d57cadc9d56f0df6bc1dce044a53adf246f357
  pristine_tree_hash: 0eae84e94af53dd69bdf0dddd4f12d6c06b4386c
features:
  typescript:
    additionalDependencies: 0.1.0
    core: 3.26.17
    defaultEnabledRetries: 0.1.0
    devContainers: 2.90.1
    envVarSecurityUsage: 0.1.2
    globalSecurityCallbacks: 0.1.0
    globalServerURLs: 2.83.0
    groups: 2.81.3
    methodArguments: 0.1.2
    nameOverrides: 2.81.2
    responseFormat: 0.2.3
    retries: 2.83.0
    sdkHooks: 0.4.0
trackedFiles:
  .devcontainer/README.md:
    id: b170c0f184ac
    last_write_checksum: sha1:b6564d2a7c8ae764fff6d1b4666dcd787210a000
    pristine_git_object: cdef18c30e383534a868742e1b9148f2670606f9
  .devcontainer/devcontainer.json:
    id: b34062a34eb1
    last_write_checksum: sha1:d0b15193202c961e7d1875864ddb15f9d17c84dd
    pristine_git_object: 4d560dd5f40afaf10d96eb75b1f02cd48bbd640c
  .devcontainer/setup.sh:
    id: 5f1dfbfeb8eb
    last_write_checksum: sha1:e4c47808a5265300e2ddbfd4dd8aaab80b93b209
    pristine_git_object: 96a97f8d6f66f487eb1956c98a7b8840a1f67dc3
  .gitattributes:
    id: 24139dae6567
    last_write_checksum: sha1:26d16d8297b104945139da8c25bd38feeaad3e25
    pristine_git_object: 113eead5093c17d43a46159132885318f281a68a
  .npmignore:
    id: aa70c1f807c3
    last_write_checksum: sha1:3d5eb92f81539175db1ff0280e0aefbdd701f200
    pristine_git_object: cf98a6bf092538eb10ff0edc915102682ce9a6e6
  FUNCTIONS.md:
    id: 21b9df02aaeb
    last_write_checksum: sha1:c20580e218962f22d3d205e9753571f155d26968
    pristine_git_object: 8caacc95f2258f7aab8e6cf518cedbb03a9837e5
  RUNTIMES.md:
    id: 620c490847b6
    last_write_checksum: sha1:e45b854f02c357cbcfdb8c3663000e8339e16505
    pristine_git_object: 27731c3b5ace66bedc454ed5acbe15075aacd3dc
  USAGE.md:
    id: 3aed33ce6e6f
    last_write_checksum: sha1:fad2fd8aab23e4ecd52e2800c0fa6a86c9b79cbd
    pristine_git_object: 9edf9f6f80f6181f0a4c863c5067204e72d27cb0
  docs/lib/utils/retryconfig.md:
    id: 0ce9707cb848
    last_write_checksum: sha1:bc4454e196fcd219f5a78da690375a884f5ed07b
    pristine_git_object: 08f95f4552349360b2c0b01802aa71ec3a55d2c2
  docs/models/errors/errorresponse.md:
    id: f49cea889d69
    last_write_checksum: sha1:38c51c672fbddd31e3d9adba592be30e286b43a6
    pristine_git_object: a8f8243c467a229498fe4fefdd2dcfc2cd6b30ad
  docs/models/operations/createcategoryrequest.md:
    id: e08796f4f8e0
    last_write_checksum: sha1:93ee92688a0e26a5ff13b76744500922a850477b
    pristine_git_object: dceba23df96cf5aa6c5a4f40bcc9c7dc7f105641
  docs/models/operations/createcategoryresponse.md:
    id: 6498543ea60b
    last_write_checksum: sha1:953a73b20afe5a059f3fe67efd37a3c9ff4b4591
    pristine_git_object: 154b3d0b201792c4730001a2263c9cee25e62e69
  docs/sdks/categories/README.md:
    id: 2e253d7225b0
    last_write_checksum: sha1:dc470936b8da3d8428ef49f7c03caf24da2e8d73
    pristine_git_object: eee5a97c232355ed3211718d3bd8940f60e4033b
  eslint.config.mjs:
    id: 461c8d07f6da
    last_write_checksum: sha1:9398f326377fe47f67af2df6eb6370750c0790b4
    pristine_git_object: 67bccfec985be20a00970d90155752832dd47135
  examples/.env.template:
    id: 52cbe5afed92
    last_write_checksum: sha1:25d32564fbcbb64fe05e37a94cf6ff549364849a
    pristine_git_object: af01b558903929f5d6029cda30de1a6ecd9fd466
  examples/README.md:
    id: 9d0f69d6e677
    last_write_checksum: sha1:4c6cf69a93aff90e9edb0d961c9b2c851d5c4f28
    pristine_git_object: 3d6f64f2f34955cf6c1c27c5893ab4ad4d1d9b45
  examples/categoriesCreate.example.ts:
    id: 2b6596d9e0d2
    last_write_checksum: sha1:0b37543f7ba67add6c0f1cb3b12e09ee5ece4073
    pristine_git_object: 24ec500020e24b96a47edc385786bbe71f7a13e0
  examples/package.json:
    id: c1d7b0ec8e7e
    last_write_checksum: sha1:ddba2eb714aa63947e94061f79b8f35df2920101
    pristine_git_object: a16a07ad43e99f10daf1f896de79305c98d3f493
  jsr.json:
    id: 7f6ab7767282
    last_write_checksum: sha1:874d807267439fed5438b2407e897bd2a0059326
    pristine_git_object: e482f53bbc12ad60f910432e540f1b07f563272c
  package.json:
    id: 7030d0b2f71b
    last_write_checksum: sha1:4052179f86631787356a3a75436117fd9d705288
    pristine_git_object: 6712355acb747d49eaf7c1d58dad66861487a630
  src/core.ts:
    id: f431fdbcd144
    last_write_checksum: sha1:457102df3a87dc40e885a2811386c80fad5e13d0
    pristine_git_object: 16babf9c5ab8d585b9f17f3c23dd659859becec5
  src/funcs/categoriesCreate.ts:
    id: 9674ce3f1d67
    last_write_checksum: sha1:2fb87040895abd7866b9922dea9766a9ec02578e
    pristine_git_object: d8146c834ddce212d56df2d11482fbcb8f1d608e
  src/hooks/hooks.ts:
    id: a2463fc6f69b
    last_write_checksum: sha1:3a90d88b4c6c07247db8e5f6441a79538232394e
    pristine_git_object: 94ad0a323123b34dc638717c5d67a3c23c54d5c6
  src/hooks/index.ts:
    id: 5f2dab62b520
    last_write_checksum: sha1:1a11c073a6cd792932218e1d4ed36b8567bad8ef
    pristine_git_object: f60ec7acd76141a71d78008c5a362eb0236d8335
  src/hooks/types.ts:
    id: 2a02d86ec24f
    last_write_checksum: sha1:27a3444c4839bec58ae89820fd8c2483edafc3f4
    pristine_git_object: 9c36bf01332084f735909a71036c3544cc4c7e3a
  src/index.ts:
    id: c5fb850250c7
    last_write_checksum: sha1:35c9cde3ae14b18b3f893a1afe8b6c44f8760f24
    pristine_git_object: dbcba164a0082e3bb8c43cf21fa7f8ffb9d35dfc
  src/lib/base64.ts:
    id: "598522066688"
    last_write_checksum: sha1:8c94164f2f78e6041c853186fa01f659591f5913
    pristine_git_object: 44be0eae8246521b230e8e711a88eff738fc015d
  src/lib/config.ts:
    id: 320761608fb3
    last_write_checksum: sha1:3034f4f52a2cb6ac9fdb71c751bb1d5001991e9c
    pristine_git_object: 7c86dc80fed45b8737a02e6d4b9e86d75203709f
  src/lib/dlv.ts:
    id: b1988214835a
    last_write_checksum: sha1:1dd3e3fbb4550c4bf31f5ef997faff355d6f3250
    pristine_git_object: e81091f5e536f82739f71379b1fddc2d147c49e2
  src/lib/encodings.ts:
    id: 3bd8ead98afd
    last_write_checksum: sha1:7b206b995d985c9c1c89856a23346cf87c22d374
    pristine_git_object: 25d1d8032a69f56da1ac1df00a48ecf73457a1ef
  src/lib/env.ts:
    id: c52972a3b198
    last_write_checksum: sha1:bf9df64f309fa286bf309d76e6b3e97cd6912d89
    pristine_git_object: 2e1fb6fc7edfe5ee5a100e3752a4730b785cb261
  src/lib/files.ts:
    id: e5efa54fcb95
    last_write_checksum: sha1:d0f325f445b8d22e7d73baf052c585ec2dd24841
    pristine_git_object: 0344cd046d033f9e8a55de02f7935c5cec5dc30b
  src/lib/http.ts:
    id: 63a80782d37e
    last_write_checksum: sha1:797cbf16d3c7c4d62d3ba0eedb08617524938457
    pristine_git_object: 13cf1fd7894a89f727b8d2db2ad24313a94f68c7
  src/lib/is-plain-object.ts:
    id: b9862591096a
    last_write_checksum: sha1:df687f25a9590b6fd95d39df41a652ae3fd4e517
    pristine_git_object: 61070d3d7c7e5e95b1ed7e7ea21869eb0767db77
  src/lib/logger.ts:
    id: 7ee7741a02bf
    last_write_checksum: sha1:0ec9d3a2a34c362746b767e4f9a746c055d57a7b
    pristine_git_object: d181f2937d4128afbe9b0327e0f81d1fa9c877b7
  src/lib/matchers.ts:
    id: d54b2253b719
    last_write_checksum: sha1:d3738c4fee8fb089c89aeed74c5ed2ec9e54bc04
    pristine_git_object: 27f42e2e51a240c15e7ee34771e0d8bd0e289881
  src/lib/primitives.ts:
    id: 74859f750b28
    last_write_checksum: sha1:987869fc54790b9c22e9182099103d6aa7c67016
    pristine_git_object: d21f1dc49affa4e6d324bdd60811b470fdfa7eb6
  src/lib/retries.ts:
    id: b24a69d15639
    last_write_checksum: sha1:f3da74dffcbe2756c69393f8600205aa1dc06e68
    pristine_git_object: e3ce9aba72150fc3c18f3105d39b21aba809377b
  src/lib/schemas.ts:
    id: deb4b531fae1
    last_write_checksum: sha1:76a0aeecc3bf758e5a7592960c2722687cf55af1
    pristine_git_object: 61d7649b3d804f5c3ce4b2e3f7cc7ab8d087c4e1
  src/lib/sdks.ts:
    id: 8a6d91f1218d
    last_write_checksum: sha1:d5bf185d28d498c592fc74bf57187bc68f1635f3
    pristine_git_object: 1455f95733fd85c2aeddb1f15ff6d7a17ab440f1
  src/lib/security.ts:
    id: 0502afa7922e
    last_write_checksum: sha1:d5a03cc3a47e31c557c6f0b5a7567a9aa2c17978
    pristine_git_object: 750626563d473d6cf5ae3104b29b73597eb211d0
  src/lib/url.ts:
    id: b0057e24ed76
    last_write_checksum: sha1:d124050c7e755c0cce233b9e029afb584ff65201
    pristine_git_object: f3a8de6c021de59c991707946cd294596cae954d
  src/models/errors/cycasdefaulterror.ts:
    id: ad49045cc981
    last_write_checksum: sha1:76702f13f9edf2b15f78350feb5113f7b246ceab
    pristine_git_object: a4f29a98c8951a957a83a86fc7758100ab2eabef
  src/models/errors/cycaserror.ts:
    id: e534ff7cb5f3
    last_write_checksum: sha1:020547787e84767a74d249f6371fa0bc0cfbfd72
    pristine_git_object: c84fee2c1d29dac04a049c6bca293440328400ef
  src/models/errors/errorresponse.ts:
    id: 2ed61f23f9f1
    last_write_checksum: sha1:4ccee4da407f72bae871df86f2ad2415ca9de1cd
    pristine_git_object: 9a054bc715ae3764ae4e28398d9f57e327763dbb
  src/models/errors/httpclienterrors.ts:
    id: 6948de76af99
    last_write_checksum: sha1:994ced121c54fecd0af038ccfb7855fbfd3868ec
    pristine_git_object: b34f612124c797c2a1106b9735708f679a90b74f
  src/models/errors/index.ts:
    id: c4e22507cb83
    last_write_checksum: sha1:824053944e92725ad751d6f4c39472d6e8fe52c7
    pristine_git_object: 3a372afc6196306e27d2094f945323439188161c
  src/models/errors/responsevalidationerror.ts:
    id: 88ff98a41be9
    last_write_checksum: sha1:8eb180f1609f24321d55278565000dcba81d2ea6
    pristine_git_object: f84f17c642a6c0b1691b787643eed3d839f398b2
  src/models/errors/sdkvalidationerror.ts:
    id: fb6b2b49c445
    last_write_checksum: sha1:92771987c251f02fd86cfd824a3be709cd3c2837
    pristine_git_object: db00022e05d55600252f401eb0e6ab46278e0b07
  src/models/operations/createcategory.ts:
    id: "622335639281"
    last_write_checksum: sha1:d165b282680cf0339c224943a74e3ffdf42a0302
    pristine_git_object: 6247a2c601a8b146b847fbc58bebd0804e33205c
  src/models/operations/index.ts:
    id: 0d9ffaf774d2
    last_write_checksum: sha1:d17ea3151b45395f18e57c23614569803fa5f297
    pristine_git_object: 53b8581302af3a45544a0ccc58530a9ed43e8c42
  src/sdk/categories.ts:
    id: dd687ec18f95
    last_write_checksum: sha1:bd13be61190b515056b6a79b45a392355b24e859
    pristine_git_object: b76a1c8fc9623675118690c0c205f84f818e2936
  src/sdk/index.ts:
    id: a857902a703f
    last_write_checksum: sha1:ed6d64f2a6135349aa8498b8d8cff9ba85c7fb8f
    pristine_git_object: ecac2264817bb369ff2dbf0f0e9029807e67ff77
  src/sdk/sdk.ts:
    id: 784571af2f69
    last_write_checksum: sha1:f90871e6bbaa9cd9a0518e248492729615c2fbda
    pristine_git_object: cb9a43fc92819fe01e7f4639d09236cf5f94d1cf
  src/types/async.ts:
    id: fac8da972f86
    last_write_checksum: sha1:3ff07b3feaf390ec1aeb18ff938e139c6c4a9585
    pristine_git_object: 689dba5de50e8769e5f3bb913e3f42a146d15bc1
  src/types/blobs.ts:
    id: f8ab9b326c86
    last_write_checksum: sha1:fd681458b532138913c372b05b3e16407abaa7a1
    pristine_git_object: 3deb988d444f7d202eda723492d7c1d76c5c208d
  src/types/constdatetime.ts:
    id: 0f7b6f513917
    last_write_checksum: sha1:ce05316b31b373401875d5e962d63d2422e09cf2
    pristine_git_object: 586ee46aa2273cdf680bb542b4ef5dd953a48a08
  src/types/defaultToZeroValue.ts:
    id: d54b3d6e7bdd
    last_write_checksum: sha1:2820c0bc8e71d475e79cc6b6947ca18d93f6310c
    pristine_git_object: c4cad53db08687649a55c711c4f4b3a29f7b7d24
  src/types/enums.ts:
    id: 4d03ddfe5100
    last_write_checksum: sha1:d7d0ffad0c128a11c5feb1f0ae8f3b507ee03c14
    pristine_git_object: a523bdde4b5b8144cf26414e32fc2319f2c466fa
  src/types/fp.ts:
    id: ae9f0fb8aab6
    last_write_checksum: sha1:d24994d58f37a1ca106847fcc6d2e976c6f1c093
    pristine_git_object: ccbe51eac69dfb0da5131f14fd753c4b47c1d527
  src/types/index.ts:
    id: cd7a0a5ed005
    last_write_checksum: sha1:ad30d87d2039f717846a280af3a6c3a0b1ade14e
    pristine_git_object: c7901b64009092dcc3cf4e00ff1e4866a7342a2c
  src/types/operations.ts:
    id: 314da01dca47
    last_write_checksum: sha1:c49e724cfb1259296381cb57bc0fcdd2eae45865
    pristine_git_object: beb81e10f0b9eee2ed398a853fe6f737b743f818
  src/types/primitives.ts:
    id: 0cd7f4ac625d
    last_write_checksum: sha1:aebf5262b955ff3ca644803a7f5389910514bb44
    pristine_git_object: 1b248806bc8ee9bf7cb0a703868f8c59da746096
  src/types/rfcdate.ts:
    id: 9eb64906dcd6
    last_write_checksum: sha1:8e5f382e02fe21c2f2e24deb1b7bbf8cddd3dd16
    pristine_git_object: c79b3f53a3dd922aa2ace5a4191c8652cf9a8e89
  src/types/smartUnion.ts:
    id: b65a1bd4c0e9
    last_write_checksum: sha1:d6c9754e1231a36cffe46c384849be413d5e2a72
    pristine_git_object: 266e39ba2e58c1b8eba39834612ca34c36e186a8
  src/types/streams.ts:
    id: f99be9c4bf14
    last_write_checksum: sha1:cc9ced2dd34a76c3a1bd7784ccda1cc3b37ab9a9
    pristine_git_object: a0163e7a99cea88f21d0ad4ce3af1c720180ee20
  src/types/unrecognized.ts:
    id: 476605c40716
    last_write_checksum: sha1:d33ac686528492f4cdc0dbf81ed343b4afe020fe
    pristine_git_object: b7a2a13f3dff50663429df24ae2f55b647ff1084
  tsconfig.json:
    id: 61ebb9fd6e8c
    last_write_checksum: sha1:c3ec7996536cdb9a54319e7d1eb3b199b733d34c
    pristine_git_object: 0ccdbe286a8780e06a469a9eb7e2fb95322fd507
examples:
  createCategory:
    speakeasy-default-create-category:
      requestBody:
        application/json: {"name": "<value>"}
      responses:
        "201":
          application/json: {"name": "<value>", "id": "<id>"}
        "409":
          application/json: {"error": "<value>"}
examplesVersion: 1.0.2
