speakeasyVersion: 1.680.11
sources:
    Cycas API:
        sourceNamespace: cycas-api
        sourceRevisionDigest: sha256:f8c0a6d8c9c4475d2c4559e85b9e8de90818e9f71b0c71b14bde09874c16fc6e
        sourceBlobDigest: sha256:5523f1f5adb828796a73d4eb40da289f31fcd11138a1298387e94ab34fde37e4
        tags:
            - latest
            - 0.0.1
targets:
    cycas:
        source: Cycas API
        sourceNamespace: cycas-api
        sourceRevisionDigest: sha256:f8c0a6d8c9c4475d2c4559e85b9e8de90818e9f71b0c71b14bde09874c16fc6e
        sourceBlobDigest: sha256:5523f1f5adb828796a73d4eb40da289f31fcd11138a1298387e94ab34fde37e4
        codeSamplesNamespace: cycas-api-typescript-code-samples
        codeSamplesRevisionDigest: sha256:66ac8187e9a75ddeb487fe84fd802e6530b0aa65958060f52bd470d46667b49f
workflow:
    workflowVersion: 1.0.0
    speakeasyVersion: latest
    sources:
        Cycas API:
            inputs:
                - location: ../api/spec/openapi.yaml
            overlays:
                - location: .speakeasy/speakeasy-modifications-overlay.yaml
            output: .speakeasy/out.openapi.yaml
            registry:
                location: registry.speakeasyapi.dev/bashr/cycas-workspace/cycas-api
    targets:
        cycas:
            target: typescript
            source: Cycas API
            codeSamples:
                registry:
                    location: registry.speakeasyapi.dev/bashr/cycas-workspace/cycas-api-typescript-code-samples
                labelOverride:
                    fixedValue: Typescript (SDK)
                blocking: false
